
Microsoft Visual Studio Solution File, Format Version 12.00
# Visual Studio 15
VisualStudioVersion = 15.0.27130.2027
MinimumVisualStudioVersion = 10.0.40219.1
Project("{8BC9CEB8-8B4A-11D0-8D11-00A0C91BC942}") = "VEngine", "VEngine\VEngine.vcxproj", "{945F7BEB-BB18-4C2A-B9EF-B5AB5C61C1DD}"
EndProject
Global
	GlobalSection(SolutionConfigurationPlatforms) = preSolution
		Debug|x64 = Debug|x64
		Debug|x86 = Debug|x86
		Release|x64 = Release|x64
		Release|x86 = Release|x86
	EndGlobalSection
	GlobalSection(ProjectConfigurationPlatforms) = postSolution
		{945F7BEB-BB18-4C2A-B9EF-B5AB5C61C1DD}.Debug|x64.ActiveCfg = Debug|x64
		{945F7BEB-BB18-4C2A-B9EF-B5AB5C61C1DD}.Debug|x64.Build.0 = Debug|x64
		{945F7BEB-BB18-4C2A-B9EF-B5AB5C61C1DD}.Debug|x86.ActiveCfg = Debug|Win32
		{945F7BEB-BB18-4C2A-B9EF-B5AB5C61C1DD}.Debug|x86.Build.0 = Debug|Win32
		{945F7BEB-BB18-4C2A-B9EF-B5AB5C61C1DD}.Release|x64.ActiveCfg = Release|x64
		{945F7BEB-BB18-4C2A-B9EF-B5AB5C61C1DD}.Release|x64.Build.0 = Release|x64
		{945F7BEB-BB18-4C2A-B9EF-B5AB5C61C1DD}.Release|x86.ActiveCfg = Release|Win32
		{945F7BEB-BB18-4C2A-B9EF-B5AB5C61C1DD}.Release|x86.Build.0 = Release|Win32
	EndGlobalSection
	GlobalSection(SolutionProperties) = preSolution
		HideSolutionNode = FALSE
	EndGlobalSection
	GlobalSection(ExtensibilityGlobals) = postSolution
		SolutionGuid = {CD7F0075-143E-4A7E-947E-F7DFC70E1AC2}
	EndGlobalSection
EndGlobal
